
Microsoft Visual Studio Solution File, Format Version 12.00
# Visual Studio Version 17
VisualStudioVersion = 17.1.32228.430
MinimumVisualStudioVersion = 10.0.40219.1
Project("{2150E333-8FDC-42A3-9474-1A3956D46DE8}") = "src", "src", "{586F1DB6-9255-4B83-80DA-421AEB20AAEA}"
EndProject
Project("{2150E333-8FDC-42A3-9474-1A3956D46DE8}") = "tests", "tests", "{83003B68-E1ED-4A8A-A96F-ADAB06CCA9C4}"
EndProject
Project("{FAE04EC0-301F-11D3-BF4B-00C04F79EFBC}") = "Application", "src\Application\Application.csproj", "{5327A4B8-7D56-44DC-BACA-FBAE15600C00}"
EndProject
Project("{FAE04EC0-301F-11D3-BF4B-00C04F79EFBC}") = "Domain", "src\Domain\Domain.csproj", "{C813E15E-9DED-4756-B607-D3D38E53569B}"
EndProject
Project("{FAE04EC0-301F-11D3-BF4B-00C04F79EFBC}") = "Infrastructure", "src\Infrastructure\Infrastructure.csproj", "{F57BB0F7-075F-44AD-9703-2992C6D8A2ED}"
EndProject
Project("{2150E333-8FDC-42A3-9474-1A3956D46DE8}") = "Core", "Core", "{9D8762A1-860E-4374-9A42-FDC4FB3CD2BA}"
EndProject
Project("{FAE04EC0-301F-11D3-BF4B-00C04F79EFBC}") = "Client", "src\Client\Client.csproj", "{062D6438-E149-40FC-87AB-861DC28C57EF}"
EndProject
Project("{FAE04EC0-301F-11D3-BF4B-00C04F79EFBC}") = "ApiGateway", "src\ApiGateway\ApiGateway.csproj", "{98C9E922-7E8E-4FC0-8FD4-0895D0557E2D}"
EndProject
Global
	GlobalSection(SolutionConfigurationPlatforms) = preSolution
		Debug|Any CPU = Debug|Any CPU
		Release|Any CPU = Release|Any CPU
	EndGlobalSection
	GlobalSection(ProjectConfigurationPlatforms) = postSolution
		{5327A4B8-7D56-44DC-BACA-FBAE15600C00}.Debug|Any CPU.ActiveCfg = Debug|Any CPU
		{5327A4B8-7D56-44DC-BACA-FBAE15600C00}.Debug|Any CPU.Build.0 = Debug|Any CPU
		{5327A4B8-7D56-44DC-BACA-FBAE15600C00}.Release|Any CPU.ActiveCfg = Release|Any CPU
		{5327A4B8-7D56-44DC-BACA-FBAE15600C00}.Release|Any CPU.Build.0 = Release|Any CPU
		{C813E15E-9DED-4756-B607-D3D38E53569B}.Debug|Any CPU.ActiveCfg = Debug|Any CPU
		{C813E15E-9DED-4756-B607-D3D38E53569B}.Debug|Any CPU.Build.0 = Debug|Any CPU
		{C813E15E-9DED-4756-B607-D3D38E53569B}.Release|Any CPU.ActiveCfg = Release|Any CPU
		{C813E15E-9DED-4756-B607-D3D38E53569B}.Release|Any CPU.Build.0 = Release|Any CPU
		{F57BB0F7-075F-44AD-9703-2992C6D8A2ED}.Debug|Any CPU.ActiveCfg = Debug|Any CPU
		{F57BB0F7-075F-44AD-9703-2992C6D8A2ED}.Debug|Any CPU.Build.0 = Debug|Any CPU
		{F57BB0F7-075F-44AD-9703-2992C6D8A2ED}.Release|Any CPU.ActiveCfg = Release|Any CPU
		{F57BB0F7-075F-44AD-9703-2992C6D8A2ED}.Release|Any CPU.Build.0 = Release|Any CPU
		{062D6438-E149-40FC-87AB-861DC28C57EF}.Debug|Any CPU.ActiveCfg = Debug|Any CPU
		{062D6438-E149-40FC-87AB-861DC28C57EF}.Debug|Any CPU.Build.0 = Debug|Any CPU
		{062D6438-E149-40FC-87AB-861DC28C57EF}.Release|Any CPU.ActiveCfg = Release|Any CPU
		{062D6438-E149-40FC-87AB-861DC28C57EF}.Release|Any CPU.Build.0 = Release|Any CPU
		{98C9E922-7E8E-4FC0-8FD4-0895D0557E2D}.Debug|Any CPU.ActiveCfg = Debug|Any CPU
		{98C9E922-7E8E-4FC0-8FD4-0895D0557E2D}.Debug|Any CPU.Build.0 = Debug|Any CPU
		{98C9E922-7E8E-4FC0-8FD4-0895D0557E2D}.Release|Any CPU.ActiveCfg = Release|Any CPU
		{98C9E922-7E8E-4FC0-8FD4-0895D0557E2D}.Release|Any CPU.Build.0 = Release|Any CPU
	EndGlobalSection
	GlobalSection(SolutionProperties) = preSolution
		HideSolutionNode = FALSE
	EndGlobalSection
	GlobalSection(NestedProjects) = preSolution
		{5327A4B8-7D56-44DC-BACA-FBAE15600C00} = {9D8762A1-860E-4374-9A42-FDC4FB3CD2BA}
		{C813E15E-9DED-4756-B607-D3D38E53569B} = {9D8762A1-860E-4374-9A42-FDC4FB3CD2BA}
		{F57BB0F7-075F-44AD-9703-2992C6D8A2ED} = {9D8762A1-860E-4374-9A42-FDC4FB3CD2BA}
		{9D8762A1-860E-4374-9A42-FDC4FB3CD2BA} = {586F1DB6-9255-4B83-80DA-421AEB20AAEA}
		{062D6438-E149-40FC-87AB-861DC28C57EF} = {586F1DB6-9255-4B83-80DA-421AEB20AAEA}
		{98C9E922-7E8E-4FC0-8FD4-0895D0557E2D} = {586F1DB6-9255-4B83-80DA-421AEB20AAEA}
	EndGlobalSection
	GlobalSection(ExtensibilityGlobals) = postSolution
		SolutionGuid = {EB56D932-B569-4AEF-BC91-81450F9331F1}
	EndGlobalSection
EndGlobal
